// !$*UTF8*$!
{
	archiveVersion = 1;
	classes = {
	};
	objectVersion = 56;
	objects = {

/* Begin PBXBuildFile section */
		D34EE0AB2BD307920042F4E0 /* ExploreMateApp.swift in Sources */ = {isa = PBXBuildFile; fileRef = D34EE0AA2BD307920042F4E0 /* ExploreMateApp.swift */; };
		D34EE0AF2BD307930042F4E0 /* Assets.xcassets in Resources */ = {isa = PBXBuildFile; fileRef = D34EE0AE2BD307930042F4E0 /* Assets.xcassets */; };
		D34EE0B22BD307930042F4E0 /* Preview Assets.xcassets in Resources */ = {isa = PBXBuildFile; fileRef = D34EE0B12BD307930042F4E0 /* Preview Assets.xcassets */; };
		D34EE0C02BD308B60042F4E0 /* MainTabView.swift in Sources */ = {isa = PBXBuildFile; fileRef = D34EE0BF2BD308B60042F4E0 /* MainTabView.swift */; };
		D34EE0C62BD308FE0042F4E0 /* CardImageIndicatorView.swift in Sources */ = {isa = PBXBuildFile; fileRef = D34EE0C52BD308FE0042F4E0 /* CardImageIndicatorView.swift */; };
		D34EE0C82BD309160042F4E0 /* CardInfoView.swift in Sources */ = {isa = PBXBuildFile; fileRef = D34EE0C72BD309160042F4E0 /* CardInfoView.swift */; };
		D34EE0CA2BD309280042F4E0 /* CardStackView.swift in Sources */ = {isa = PBXBuildFile; fileRef = D34EE0C92BD309280042F4E0 /* CardStackView.swift */; };
		D34EE0CC2BD309600042F4E0 /* CardView.swift in Sources */ = {isa = PBXBuildFile; fileRef = D34EE0CB2BD309600042F4E0 /* CardView.swift */; };
		D34EE0CE2BD309740042F4E0 /* ImageScrollingOverlay.swift in Sources */ = {isa = PBXBuildFile; fileRef = D34EE0CD2BD309740042F4E0 /* ImageScrollingOverlay.swift */; };
		D34EE0D02BD309860042F4E0 /* SwipeActionIndicatorView.swift in Sources */ = {isa = PBXBuildFile; fileRef = D34EE0CF2BD309860042F4E0 /* SwipeActionIndicatorView.swift */; };
		D34EE0D22BD30A2D0042F4E0 /* CardsViewModel.swift in Sources */ = {isa = PBXBuildFile; fileRef = D34EE0D12BD30A2D0042F4E0 /* CardsViewModel.swift */; };
		D34EE0D42BD30A450042F4E0 /* CardService.swift in Sources */ = {isa = PBXBuildFile; fileRef = D34EE0D32BD30A450042F4E0 /* CardService.swift */; };
		D34EE0D62BD30A540042F4E0 /* CardModel.swift in Sources */ = {isa = PBXBuildFile; fileRef = D34EE0D52BD30A540042F4E0 /* CardModel.swift */; };
		D34EE0DA2BD30AA40042F4E0 /* Location.swift in Sources */ = {isa = PBXBuildFile; fileRef = D34EE0D92BD30AA40042F4E0 /* Location.swift */; };
		D34EE0DD2BD30AD90042F4E0 /* SizeConstants.swift in Sources */ = {isa = PBXBuildFile; fileRef = D34EE0DC2BD30AD90042F4E0 /* SizeConstants.swift */; };
		D34EE0E02BD30AF20042F4E0 /* MockData.swift in Sources */ = {isa = PBXBuildFile; fileRef = D34EE0DF2BD30AF20042F4E0 /* MockData.swift */; };
		D34EE0E22BD318620042F4E0 /* SwipeActionButtonsView.swift in Sources */ = {isa = PBXBuildFile; fileRef = D34EE0E12BD318620042F4E0 /* SwipeActionButtonsView.swift */; };
		D34EE0E42BD319910042F4E0 /* SwipeAction.swift in Sources */ = {isa = PBXBuildFile; fileRef = D34EE0E32BD319910042F4E0 /* SwipeAction.swift */; };
		D34EE0E82BD37B8E0042F4E0 /* LocationModalView.swift in Sources */ = {isa = PBXBuildFile; fileRef = D34EE0E72BD37B8E0042F4E0 /* LocationModalView.swift */; };
		D34EE0EC2BD5AFBD0042F4E0 /* Config.plist in Resources */ = {isa = PBXBuildFile; fileRef = D34EE0EB2BD5AFBD0042F4E0 /* Config.plist */; };
		D34EE0F52BD6227B0042F4E0 /* ListView.swift in Sources */ = {isa = PBXBuildFile; fileRef = D34EE0F42BD6227B0042F4E0 /* ListView.swift */; };
		D34EE0F72BD8B10B0042F4E0 /* ApiCreds.swift in Sources */ = {isa = PBXBuildFile; fileRef = D34EE0F62BD8B10B0042F4E0 /* ApiCreds.swift */; };
/* End PBXBuildFile section */

/* Begin PBXFileReference section */
		D34EE0A72BD307920042F4E0 /* ExploreMate.app */ = {isa = PBXFileReference; explicitFileType = wrapper.application; includeInIndex = 0; path = ExploreMate.app; sourceTree = BUILT_PRODUCTS_DIR; };
		D34EE0AA2BD307920042F4E0 /* ExploreMateApp.swift */ = {isa = PBXFileReference; lastKnownFileType = sourcecode.swift; path = ExploreMateApp.swift; sourceTree = "<group>"; };
		D34EE0AE2BD307930042F4E0 /* Assets.xcassets */ = {isa = PBXFileReference; lastKnownFileType = folder.assetcatalog; path = Assets.xcassets; sourceTree = "<group>"; };
		D34EE0B12BD307930042F4E0 /* Preview Assets.xcassets */ = {isa = PBXFileReference; lastKnownFileType = folder.assetcatalog; path = "Preview Assets.xcassets"; sourceTree = "<group>"; };
		D34EE0BF2BD308B60042F4E0 /* MainTabView.swift */ = {isa = PBXFileReference; lastKnownFileType = sourcecode.swift; path = MainTabView.swift; sourceTree = "<group>"; };
		D34EE0C52BD308FE0042F4E0 /* CardImageIndicatorView.swift */ = {isa = PBXFileReference; lastKnownFileType = sourcecode.swift; path = CardImageIndicatorView.swift; sourceTree = "<group>"; };
		D34EE0C72BD309160042F4E0 /* CardInfoView.swift */ = {isa = PBXFileReference; lastKnownFileType = sourcecode.swift; path = CardInfoView.swift; sourceTree = "<group>"; };
		D34EE0C92BD309280042F4E0 /* CardStackView.swift */ = {isa = PBXFileReference; lastKnownFileType = sourcecode.swift; path = CardStackView.swift; sourceTree = "<group>"; };
		D34EE0CB2BD309600042F4E0 /* CardView.swift */ = {isa = PBXFileReference; lastKnownFileType = sourcecode.swift; path = CardView.swift; sourceTree = "<group>"; };
		D34EE0CD2BD309740042F4E0 /* ImageScrollingOverlay.swift */ = {isa = PBXFileReference; lastKnownFileType = sourcecode.swift; path = ImageScrollingOverlay.swift; sourceTree = "<group>"; };
		D34EE0CF2BD309860042F4E0 /* SwipeActionIndicatorView.swift */ = {isa = PBXFileReference; lastKnownFileType = sourcecode.swift; path = SwipeActionIndicatorView.swift; sourceTree = "<group>"; };
		D34EE0D12BD30A2D0042F4E0 /* CardsViewModel.swift */ = {isa = PBXFileReference; lastKnownFileType = sourcecode.swift; path = CardsViewModel.swift; sourceTree = "<group>"; };
		D34EE0D32BD30A450042F4E0 /* CardService.swift */ = {isa = PBXFileReference; lastKnownFileType = sourcecode.swift; path = CardService.swift; sourceTree = "<group>"; };
		D34EE0D52BD30A540042F4E0 /* CardModel.swift */ = {isa = PBXFileReference; lastKnownFileType = sourcecode.swift; path = CardModel.swift; sourceTree = "<group>"; };
		D34EE0D92BD30AA40042F4E0 /* Location.swift */ = {isa = PBXFileReference; lastKnownFileType = sourcecode.swift; path = Location.swift; sourceTree = "<group>"; };
		D34EE0DC2BD30AD90042F4E0 /* SizeConstants.swift */ = {isa = PBXFileReference; lastKnownFileType = sourcecode.swift; path = SizeConstants.swift; sourceTree = "<group>"; };
		D34EE0DF2BD30AF20042F4E0 /* MockData.swift */ = {isa = PBXFileReference; lastKnownFileType = sourcecode.swift; path = MockData.swift; sourceTree = "<group>"; };
		D34EE0E12BD318620042F4E0 /* SwipeActionButtonsView.swift */ = {isa = PBXFileReference; lastKnownFileType = sourcecode.swift; path = SwipeActionButtonsView.swift; sourceTree = "<group>"; };
		D34EE0E32BD319910042F4E0 /* SwipeAction.swift */ = {isa = PBXFileReference; lastKnownFileType = sourcecode.swift; path = SwipeAction.swift; sourceTree = "<group>"; };
		D34EE0E72BD37B8E0042F4E0 /* LocationModalView.swift */ = {isa = PBXFileReference; lastKnownFileType = sourcecode.swift; path = LocationModalView.swift; sourceTree = "<group>"; };
		D34EE0EB2BD5AFBD0042F4E0 /* Config.plist */ = {isa = PBXFileReference; lastKnownFileType = text.plist.xml; path = Config.plist; sourceTree = "<group>"; };
		D34EE0EF2BD5BB0F0042F4E0 /* Info.plist */ = {isa = PBXFileReference; lastKnownFileType = text.plist; path = Info.plist; sourceTree = "<group>"; };
		D34EE0F02BD5E2640042F4E0 /* ExploreMate.xctestplan */ = {isa = PBXFileReference; lastKnownFileType = text; path = ExploreMate.xctestplan; sourceTree = "<group>"; };
		D34EE0F42BD6227B0042F4E0 /* ListView.swift */ = {isa = PBXFileReference; lastKnownFileType = sourcecode.swift; path = ListView.swift; sourceTree = "<group>"; };
		D34EE0F62BD8B10B0042F4E0 /* ApiCreds.swift */ = {isa = PBXFileReference; lastKnownFileType = sourcecode.swift; path = ApiCreds.swift; sourceTree = "<group>"; };
/* End PBXFileReference section */

/* Begin PBXFrameworksBuildPhase section */
		D34EE0A42BD307920042F4E0 /* Frameworks */ = {
			isa = PBXFrameworksBuildPhase;
			buildActionMask = 2147483647;
			files = (
			);
			runOnlyForDeploymentPostprocessing = 0;
		};
/* End PBXFrameworksBuildPhase section */

/* Begin PBXGroup section */
		D34EE09E2BD307920042F4E0 = {
			isa = PBXGroup;
			children = (
				D34EE0F02BD5E2640042F4E0 /* ExploreMate.xctestplan */,
				D34EE0A92BD307920042F4E0 /* ExploreMate */,
				D34EE0A82BD307920042F4E0 /* Products */,
			);
			sourceTree = "<group>";
		};
		D34EE0A82BD307920042F4E0 /* Products */ = {
			isa = PBXGroup;
			children = (
				D34EE0A72BD307920042F4E0 /* ExploreMate.app */,
			);
			name = Products;
			sourceTree = "<group>";
		};
		D34EE0A92BD307920042F4E0 /* ExploreMate */ = {
			isa = PBXGroup;
			children = (
				D34EE0EF2BD5BB0F0042F4E0 /* Info.plist */,
				D34EE0EB2BD5AFBD0042F4E0 /* Config.plist */,
				D34EE0B82BD307AA0042F4E0 /* App */,
				D34EE0AE2BD307930042F4E0 /* Assets.xcassets */,
				D34EE0B92BD307C50042F4E0 /* Core */,
				D34EE0BB2BD308320042F4E0 /* Extensions */,
				D34EE0B02BD307930042F4E0 /* Preview Content */,
				D34EE0BA2BD307D00042F4E0 /* Shared */,
				D34EE0BC2BD308380042F4E0 /* Utils */,
			);
			path = ExploreMate;
			sourceTree = "<group>";
		};
		D34EE0B02BD307930042F4E0 /* Preview Content */ = {
			isa = PBXGroup;
			children = (
				D34EE0B12BD307930042F4E0 /* Preview Assets.xcassets */,
			);
			path = "Preview Content";
			sourceTree = "<group>";
		};
		D34EE0B82BD307AA0042F4E0 /* App */ = {
			isa = PBXGroup;
			children = (
				D34EE0AA2BD307920042F4E0 /* ExploreMateApp.swift */,
			);
			path = App;
			sourceTree = "<group>";
		};
		D34EE0B92BD307C50042F4E0 /* Core */ = {
			isa = PBXGroup;
			children = (
				D34EE0F32BD6226D0042F4E0 /* List */,
				D34EE0E52BD37B660042F4E0 /* Modal */,
				D34EE0BE2BD308A50042F4E0 /* Cards */,
				D34EE0BD2BD308A10042F4E0 /* TabBar */,
			);
			path = Core;
			sourceTree = "<group>";
		};
		D34EE0BA2BD307D00042F4E0 /* Shared */ = {
			isa = PBXGroup;
			children = (
				D34EE0D72BD30A900042F4E0 /* Locations */,
			);
			path = Shared;
			sourceTree = "<group>";
		};
		D34EE0BB2BD308320042F4E0 /* Extensions */ = {
			isa = PBXGroup;
			children = (
			);
			path = Extensions;
			sourceTree = "<group>";
		};
		D34EE0BC2BD308380042F4E0 /* Utils */ = {
			isa = PBXGroup;
			children = (
				D34EE0DE2BD30AE70042F4E0 /* MockData */,
				D34EE0DB2BD30AB60042F4E0 /* Constants */,
			);
			path = Utils;
			sourceTree = "<group>";
		};
		D34EE0BD2BD308A10042F4E0 /* TabBar */ = {
			isa = PBXGroup;
			children = (
				D34EE0BF2BD308B60042F4E0 /* MainTabView.swift */,
			);
			path = TabBar;
			sourceTree = "<group>";
		};
		D34EE0BE2BD308A50042F4E0 /* Cards */ = {
			isa = PBXGroup;
			children = (
				D34EE0C42BD308D90042F4E0 /* ViewModel */,
				D34EE0C32BD308D50042F4E0 /* Views */,
				D34EE0C22BD308D10042F4E0 /* Service */,
				D34EE0C12BD308CD0042F4E0 /* Model */,
			);
			path = Cards;
			sourceTree = "<group>";
		};
		D34EE0C12BD308CD0042F4E0 /* Model */ = {
			isa = PBXGroup;
			children = (
				D34EE0D52BD30A540042F4E0 /* CardModel.swift */,
				D34EE0E32BD319910042F4E0 /* SwipeAction.swift */,
			);
			path = Model;
			sourceTree = "<group>";
		};
		D34EE0C22BD308D10042F4E0 /* Service */ = {
			isa = PBXGroup;
			children = (
				D34EE0D32BD30A450042F4E0 /* CardService.swift */,
			);
			path = Service;
			sourceTree = "<group>";
		};
		D34EE0C32BD308D50042F4E0 /* Views */ = {
			isa = PBXGroup;
			children = (
				D34EE0C52BD308FE0042F4E0 /* CardImageIndicatorView.swift */,
				D34EE0C72BD309160042F4E0 /* CardInfoView.swift */,
				D34EE0C92BD309280042F4E0 /* CardStackView.swift */,
				D34EE0CB2BD309600042F4E0 /* CardView.swift */,
				D34EE0CD2BD309740042F4E0 /* ImageScrollingOverlay.swift */,
				D34EE0CF2BD309860042F4E0 /* SwipeActionIndicatorView.swift */,
				D34EE0E12BD318620042F4E0 /* SwipeActionButtonsView.swift */,
			);
			path = Views;
			sourceTree = "<group>";
		};
		D34EE0C42BD308D90042F4E0 /* ViewModel */ = {
			isa = PBXGroup;
			children = (
				D34EE0D12BD30A2D0042F4E0 /* CardsViewModel.swift */,
			);
			path = ViewModel;
			sourceTree = "<group>";
		};
		D34EE0D72BD30A900042F4E0 /* Locations */ = {
			isa = PBXGroup;
			children = (
				D34EE0D82BD30A9B0042F4E0 /* Model */,
			);
			path = Locations;
			sourceTree = "<group>";
		};
		D34EE0D82BD30A9B0042F4E0 /* Model */ = {
			isa = PBXGroup;
			children = (
				D34EE0D92BD30AA40042F4E0 /* Location.swift */,
			);
			path = Model;
			sourceTree = "<group>";
		};
		D34EE0DB2BD30AB60042F4E0 /* Constants */ = {
			isa = PBXGroup;
			children = (
				D34EE0DC2BD30AD90042F4E0 /* SizeConstants.swift */,
				D34EE0F62BD8B10B0042F4E0 /* ApiCreds.swift */,
			);
			path = Constants;
			sourceTree = "<group>";
		};
		D34EE0DE2BD30AE70042F4E0 /* MockData */ = {
			isa = PBXGroup;
			children = (
				D34EE0DF2BD30AF20042F4E0 /* MockData.swift */,
			);
			path = MockData;
			sourceTree = "<group>";
		};
		D34EE0E52BD37B660042F4E0 /* Modal */ = {
			isa = PBXGroup;
			children = (
				D34EE0E72BD37B8E0042F4E0 /* LocationModalView.swift */,
			);
			path = Modal;
			sourceTree = "<group>";
		};
		D34EE0F32BD6226D0042F4E0 /* List */ = {
			isa = PBXGroup;
			children = (
				D34EE0F42BD6227B0042F4E0 /* ListView.swift */,
			);
			path = List;
			sourceTree = "<group>";
		};
/* End PBXGroup section */

/* Begin PBXNativeTarget section */
		D34EE0A62BD307920042F4E0 /* ExploreMate */ = {
			isa = PBXNativeTarget;
			buildConfigurationList = D34EE0B52BD307930042F4E0 /* Build configuration list for PBXNativeTarget "ExploreMate" */;
			buildPhases = (
				D34EE0A32BD307920042F4E0 /* Sources */,
				D34EE0A42BD307920042F4E0 /* Frameworks */,
				D34EE0A52BD307920042F4E0 /* Resources */,
			);
			buildRules = (
			);
			dependencies = (
			);
			name = ExploreMate;
			productName = ExploreMate;
			productReference = D34EE0A72BD307920042F4E0 /* ExploreMate.app */;
			productType = "com.apple.product-type.application";
		};
/* End PBXNativeTarget section */

/* Begin PBXProject section */
		D34EE09F2BD307920042F4E0 /* Project object */ = {
			isa = PBXProject;
			attributes = {
				BuildIndependentTargetsInParallel = 1;
				LastSwiftUpdateCheck = 1530;
				LastUpgradeCheck = 1530;
				TargetAttributes = {
					D34EE0A62BD307920042F4E0 = {
						CreatedOnToolsVersion = 15.3;
					};
				};
			};
			buildConfigurationList = D34EE0A22BD307920042F4E0 /* Build configuration list for PBXProject "ExploreMate" */;
			compatibilityVersion = "Xcode 14.0";
			developmentRegion = en;
			hasScannedForEncodings = 0;
			knownRegions = (
				en,
				Base,
			);
			mainGroup = D34EE09E2BD307920042F4E0;
			productRefGroup = D34EE0A82BD307920042F4E0 /* Products */;
			projectDirPath = "";
			projectRoot = "";
			targets = (
				D34EE0A62BD307920042F4E0 /* ExploreMate */,
			);
		};
/* End PBXProject section */

/* Begin PBXResourcesBuildPhase section */
		D34EE0A52BD307920042F4E0 /* Resources */ = {
			isa = PBXResourcesBuildPhase;
			buildActionMask = 2147483647;
			files = (
				D34EE0B22BD307930042F4E0 /* Preview Assets.xcassets in Resources */,
				D34EE0EC2BD5AFBD0042F4E0 /* Config.plist in Resources */,
				D34EE0AF2BD307930042F4E0 /* Assets.xcassets in Resources */,
			);
			runOnlyForDeploymentPostprocessing = 0;
		};
/* End PBXResourcesBuildPhase section */

/* Begin PBXSourcesBuildPhase section */
		D34EE0A32BD307920042F4E0 /* Sources */ = {
			isa = PBXSourcesBuildPhase;
			buildActionMask = 2147483647;
			files = (
				D34EE0CA2BD309280042F4E0 /* CardStackView.swift in Sources */,
				D34EE0D62BD30A540042F4E0 /* CardModel.swift in Sources */,
				D34EE0E42BD319910042F4E0 /* SwipeAction.swift in Sources */,
				D34EE0D42BD30A450042F4E0 /* CardService.swift in Sources */,
				D34EE0CE2BD309740042F4E0 /* ImageScrollingOverlay.swift in Sources */,
				D34EE0AB2BD307920042F4E0 /* ExploreMateApp.swift in Sources */,
				D34EE0E02BD30AF20042F4E0 /* MockData.swift in Sources */,
				D34EE0E22BD318620042F4E0 /* SwipeActionButtonsView.swift in Sources */,
				D34EE0F52BD6227B0042F4E0 /* ListView.swift in Sources */,
				D34EE0E82BD37B8E0042F4E0 /* LocationModalView.swift in Sources */,
				D34EE0F72BD8B10B0042F4E0 /* ApiCreds.swift in Sources */,
				D34EE0C62BD308FE0042F4E0 /* CardImageIndicatorView.swift in Sources */,
				D34EE0DD2BD30AD90042F4E0 /* SizeConstants.swift in Sources */,
				D34EE0C82BD309160042F4E0 /* CardInfoView.swift in Sources */,
				D34EE0D22BD30A2D0042F4E0 /* CardsViewModel.swift in Sources */,
				D34EE0CC2BD309600042F4E0 /* CardView.swift in Sources */,
				D34EE0C02BD308B60042F4E0 /* MainTabView.swift in Sources */,
				D34EE0DA2BD30AA40042F4E0 /* Location.swift in Sources */,
				D34EE0D02BD309860042F4E0 /* SwipeActionIndicatorView.swift in Sources */,
			);
			runOnlyForDeploymentPostprocessing = 0;
		};
/* End PBXSourcesBuildPhase section */

/* Begin XCBuildConfiguration section */
		D34EE0B32BD307930042F4E0 /* Debug */ = {
			isa = XCBuildConfiguration;
			buildSettings = {
				ALWAYS_SEARCH_USER_PATHS = NO;
				ASSETCATALOG_COMPILER_GENERATE_SWIFT_ASSET_SYMBOL_EXTENSIONS = YES;
				CLANG_ANALYZER_NONNULL = YES;
				CLANG_ANALYZER_NUMBER_OBJECT_CONVERSION = YES_AGGRESSIVE;
				CLANG_CXX_LANGUAGE_STANDARD = "gnu++20";
				CLANG_ENABLE_MODULES = YES;
				CLANG_ENABLE_OBJC_ARC = YES;
				CLANG_ENABLE_OBJC_WEAK = YES;
				CLANG_WARN_BLOCK_CAPTURE_AUTORELEASING = YES;
				CLANG_WARN_BOOL_CONVERSION = YES;
				CLANG_WARN_COMMA = YES;
				CLANG_WARN_CONSTANT_CONVERSION = YES;
				CLANG_WARN_DEPRECATED_OBJC_IMPLEMENTATIONS = YES;
				CLANG_WARN_DIRECT_OBJC_ISA_USAGE = YES_ERROR;
				CLANG_WARN_DOCUMENTATION_COMMENTS = YES;
				CLANG_WARN_EMPTY_BODY = YES;
				CLANG_WARN_ENUM_CONVERSION = YES;
				CLANG_WARN_INFINITE_RECURSION = YES;
				CLANG_WARN_INT_CONVERSION = YES;
				CLANG_WARN_NON_LITERAL_NULL_CONVERSION = YES;
				CLANG_WARN_OBJC_IMPLICIT_RETAIN_SELF = YES;
				CLANG_WARN_OBJC_LITERAL_CONVERSION = YES;
				CLANG_WARN_OBJC_ROOT_CLASS = YES_ERROR;
				CLANG_WARN_QUOTED_INCLUDE_IN_FRAMEWORK_HEADER = YES;
				CLANG_WARN_RANGE_LOOP_ANALYSIS = YES;
				CLANG_WARN_STRICT_PROTOTYPES = YES;
				CLANG_WARN_SUSPICIOUS_MOVE = YES;
				CLANG_WARN_UNGUARDED_AVAILABILITY = YES_AGGRESSIVE;
				CLANG_WARN_UNREACHABLE_CODE = YES;
				CLANG_WARN__DUPLICATE_METHOD_MATCH = YES;
				COPY_PHASE_STRIP = NO;
				DEBUG_INFORMATION_FORMAT = dwarf;
				ENABLE_STRICT_OBJC_MSGSEND = YES;
				ENABLE_TESTABILITY = YES;
				ENABLE_USER_SCRIPT_SANDBOXING = YES;
				GCC_C_LANGUAGE_STANDARD = gnu17;
				GCC_DYNAMIC_NO_PIC = NO;
				GCC_NO_COMMON_BLOCKS = YES;
				GCC_OPTIMIZATION_LEVEL = 0;
				GCC_PREPROCESSOR_DEFINITIONS = (
					"DEBUG=1",
					"$(inherited)",
				);
				GCC_WARN_64_TO_32_BIT_CONVERSION = YES;
				GCC_WARN_ABOUT_RETURN_TYPE = YES_ERROR;
				GCC_WARN_UNDECLARED_SELECTOR = YES;
				GCC_WARN_UNINITIALIZED_AUTOS = YES_AGGRESSIVE;
				GCC_WARN_UNUSED_FUNCTION = YES;
				GCC_WARN_UNUSED_VARIABLE = YES;
				IPHONEOS_DEPLOYMENT_TARGET = 17.4;
				LOCALIZATION_PREFERS_STRING_CATALOGS = YES;
				MTL_ENABLE_DEBUG_INFO = INCLUDE_SOURCE;
				MTL_FAST_MATH = YES;
				ONLY_ACTIVE_ARCH = YES;
				SDKROOT = iphoneos;
				SWIFT_ACTIVE_COMPILATION_CONDITIONS = "DEBUG $(inherited)";
				SWIFT_OPTIMIZATION_LEVEL = "-Onone";
			};
			name = Debug;
		};
		D34EE0B42BD307930042F4E0 /* Release */ = {
			isa = XCBuildConfiguration;
			buildSettings = {
				ALWAYS_SEARCH_USER_PATHS = NO;
				ASSETCATALOG_COMPILER_GENERATE_SWIFT_ASSET_SYMBOL_EXTENSIONS = YES;
				CLANG_ANALYZER_NONNULL = YES;
				CLANG_ANALYZER_NUMBER_OBJECT_CONVERSION = YES_AGGRESSIVE;
				CLANG_CXX_LANGUAGE_STANDARD = "gnu++20";
				CLANG_ENABLE_MODULES = YES;
				CLANG_ENABLE_OBJC_ARC = YES;
				CLANG_ENABLE_OBJC_WEAK = YES;
				CLANG_WARN_BLOCK_CAPTURE_AUTORELEASING = YES;
				CLANG_WARN_BOOL_CONVERSION = YES;
				CLANG_WARN_COMMA = YES;
				CLANG_WARN_CONSTANT_CONVERSION = YES;
				CLANG_WARN_DEPRECATED_OBJC_IMPLEMENTATIONS = YES;
				CLANG_WARN_DIRECT_OBJC_ISA_USAGE = YES_ERROR;
				CLANG_WARN_DOCUMENTATION_COMMENTS = YES;
				CLANG_WARN_EMPTY_BODY = YES;
				CLANG_WARN_ENUM_CONVERSION = YES;
				CLANG_WARN_INFINITE_RECURSION = YES;
				CLANG_WARN_INT_CONVERSION = YES;
				CLANG_WARN_NON_LITERAL_NULL_CONVERSION = YES;
				CLANG_WARN_OBJC_IMPLICIT_RETAIN_SELF = YES;
				CLANG_WARN_OBJC_LITERAL_CONVERSION = YES;
				CLANG_WARN_OBJC_ROOT_CLASS = YES_ERROR;
				CLANG_WARN_QUOTED_INCLUDE_IN_FRAMEWORK_HEADER = YES;
				CLANG_WARN_RANGE_LOOP_ANALYSIS = YES;
				CLANG_WARN_STRICT_PROTOTYPES = YES;
				CLANG_WARN_SUSPICIOUS_MOVE = YES;
				CLANG_WARN_UNGUARDED_AVAILABILITY = YES_AGGRESSIVE;
				CLANG_WARN_UNREACHABLE_CODE = YES;
				CLANG_WARN__DUPLICATE_METHOD_MATCH = YES;
				COPY_PHASE_STRIP = NO;
				DEBUG_INFORMATION_FORMAT = "dwarf-with-dsym";
				ENABLE_NS_ASSERTIONS = NO;
				ENABLE_STRICT_OBJC_MSGSEND = YES;
				ENABLE_USER_SCRIPT_SANDBOXING = YES;
				GCC_C_LANGUAGE_STANDARD = gnu17;
				GCC_NO_COMMON_BLOCKS = YES;
				GCC_WARN_64_TO_32_BIT_CONVERSION = YES;
				GCC_WARN_ABOUT_RETURN_TYPE = YES_ERROR;
				GCC_WARN_UNDECLARED_SELECTOR = YES;
				GCC_WARN_UNINITIALIZED_AUTOS = YES_AGGRESSIVE;
				GCC_WARN_UNUSED_FUNCTION = YES;
				GCC_WARN_UNUSED_VARIABLE = YES;
				IPHONEOS_DEPLOYMENT_TARGET = 17.4;
				LOCALIZATION_PREFERS_STRING_CATALOGS = YES;
				MTL_ENABLE_DEBUG_INFO = NO;
				MTL_FAST_MATH = YES;
				SDKROOT = iphoneos;
				SWIFT_COMPILATION_MODE = wholemodule;
				VALIDATE_PRODUCT = YES;
			};
			name = Release;
		};
		D34EE0B62BD307930042F4E0 /* Debug */ = {
			isa = XCBuildConfiguration;
			buildSettings = {
				ASSETCATALOG_COMPILER_APPICON_NAME = AppIcon;
				ASSETCATALOG_COMPILER_GLOBAL_ACCENT_COLOR_NAME = AccentColor;
				CODE_SIGN_STYLE = Automatic;
				CURRENT_PROJECT_VERSION = 1;
				DEVELOPMENT_ASSET_PATHS = "\"ExploreMate/Preview Content\"";
				ENABLE_PREVIEWS = YES;
				GENERATE_INFOPLIST_FILE = YES;
				INFOPLIST_FILE = ExploreMate/Info.plist;
				INFOPLIST_KEY_NSLocationWhenInUseUsageDescription = "This app uses your location to find nearby places";
				INFOPLIST_KEY_UIApplicationSceneManifest_Generation = YES;
				INFOPLIST_KEY_UIApplicationSupportsIndirectInputEvents = YES;
				INFOPLIST_KEY_UILaunchScreen_Generation = YES;
				INFOPLIST_KEY_UISupportedInterfaceOrientations_iPad = "UIInterfaceOrientationPortrait UIInterfaceOrientationPortraitUpsideDown UIInterfaceOrientationLandscapeLeft UIInterfaceOrientationLandscapeRight";
				INFOPLIST_KEY_UISupportedInterfaceOrientations_iPhone = "UIInterfaceOrientationPortrait UIInterfaceOrientationLandscapeLeft UIInterfaceOrientationLandscapeRight";
				LD_RUNPATH_SEARCH_PATHS = (
					"$(inherited)",
					"@executable_path/Frameworks",
				);
				MARKETING_VERSION = 1.0;
				PRODUCT_BUNDLE_IDENTIFIER = com.jonlin.ExploreMate;
				PRODUCT_NAME = "$(TARGET_NAME)";
				SWIFT_EMIT_LOC_STRINGS = YES;
				SWIFT_VERSION = 5.0;
				TARGETED_DEVICE_FAMILY = "1,2";
			};
			name = Debug;
		};
		D34EE0B72BD307930042F4E0 /* Release */ = {
			isa = XCBuildConfiguration;
			buildSettings = {
				ASSETCATALOG_COMPILER_APPICON_NAME = AppIcon;
				ASSETCATALOG_COMPILER_GLOBAL_ACCENT_COLOR_NAME = AccentColor;
				CODE_SIGN_STYLE = Automatic;
				CURRENT_PROJECT_VERSION = 1;
				DEVELOPMENT_ASSET_PATHS = "\"ExploreMate/Preview Content\"";
				ENABLE_PREVIEWS = YES;
				GENERATE_INFOPLIST_FILE = YES;
				INFOPLIST_FILE = ExploreMate/Info.plist;
				INFOPLIST_KEY_NSLocationWhenInUseUsageDescription = "This app uses your location to find nearby places";
				INFOPLIST_KEY_UIApplicationSceneManifest_Generation = YES;
				INFOPLIST_KEY_UIApplicationSupportsIndirectInputEvents = YES;
				INFOPLIST_KEY_UILaunchScreen_Generation = YES;
				INFOPLIST_KEY_UISupportedInterfaceOrientations_iPad = "UIInterfaceOrientationPortrait UIInterfaceOrientationPortraitUpsideDown UIInterfaceOrientationLandscapeLeft UIInterfaceOrientationLandscapeRight";
				INFOPLIST_KEY_UISupportedInterfaceOrientations_iPhone = "UIInterfaceOrientationPortrait UIInterfaceOrientationLandscapeLeft UIInterfaceOrientationLandscapeRight";
				LD_RUNPATH_SEARCH_PATHS = (
					"$(inherited)",
					"@executable_path/Frameworks",
				);
				MARKETING_VERSION = 1.0;
				PRODUCT_BUNDLE_IDENTIFIER = com.jonlin.ExploreMate;
				PRODUCT_NAME = "$(TARGET_NAME)";
				SWIFT_EMIT_LOC_STRINGS = YES;
				SWIFT_VERSION = 5.0;
				TARGETED_DEVICE_FAMILY = "1,2";
			};
			name = Release;
		};
/* End XCBuildConfiguration section */

/* Begin XCConfigurationList section */
		D34EE0A22BD307920042F4E0 /* Build configuration list for PBXProject "ExploreMate" */ = {
			isa = XCConfigurationList;
			buildConfigurations = (
				D34EE0B32BD307930042F4E0 /* Debug */,
				D34EE0B42BD307930042F4E0 /* Release */,
			);
			defaultConfigurationIsVisible = 0;
			defaultConfigurationName = Release;
		};
		D34EE0B52BD307930042F4E0 /* Build configuration list for PBXNativeTarget "ExploreMate" */ = {
			isa = XCConfigurationList;
			buildConfigurations = (
				D34EE0B62BD307930042F4E0 /* Debug */,
				D34EE0B72BD307930042F4E0 /* Release */,
			);
			defaultConfigurationIsVisible = 0;
			defaultConfigurationName = Release;
		};
/* End XCConfigurationList section */
	};
	rootObject = D34EE09F2BD307920042F4E0 /* Project object */;
}
